Microsoft Visual Studio Solution File, Format Version 12.00
# Visual Studio 2012
Project("{FAE04EC0-301F-11D3-BF4B-00C04F79EFBC}") = "Door of Abbyss", "Door of Abbyss.csproj", "{8EF9C1AF-8E8A-49FC-B8D8-D7E78B808C35}"
EndProject
Global
	GlobalSection(SolutionConfigurationPlatforms) = preSolution
	Debug|Any CPU = Debug|Any CPU
	ExportDebug|Any CPU = ExportDebug|Any CPU
	ExportRelease|Any CPU = ExportRelease|Any CPU
	EndGlobalSection
	GlobalSection(ProjectConfigurationPlatforms) = postSolution
		{8EF9C1AF-8E8A-49FC-B8D8-D7E78B808C35}.Debug|Any CPU.ActiveCfg = Debug|Any CPU
		{8EF9C1AF-8E8A-49FC-B8D8-D7E78B808C35}.Debug|Any CPU.Build.0 = Debug|Any CPU
		{8EF9C1AF-8E8A-49FC-B8D8-D7E78B808C35}.ExportDebug|Any CPU.ActiveCfg = ExportDebug|Any CPU
		{8EF9C1AF-8E8A-49FC-B8D8-D7E78B808C35}.ExportDebug|Any CPU.Build.0 = ExportDebug|Any CPU
		{8EF9C1AF-8E8A-49FC-B8D8-D7E78B808C35}.ExportRelease|Any CPU.ActiveCfg = ExportRelease|Any CPU
		{8EF9C1AF-8E8A-49FC-B8D8-D7E78B808C35}.ExportRelease|Any CPU.Build.0 = ExportRelease|Any CPU
	EndGlobalSection
EndGlobal
